
Microsoft Visual Studio Solution File, Format Version 12.00
# Visual Studio Version 17
VisualStudioVersion = 17.0.31903.59
MinimumVisualStudioVersion = 10.0.40219.1
Project("{FAE04EC0-301F-11D3-BF4B-00C04F79EFBC}") = "VegWiz.API", "VegWiz.API\VegWiz.API.csproj", "{4C1D6494-4A1E-4915-8886-9B92DB4B4884}"
EndProject
Project("{FAE04EC0-301F-11D3-BF4B-00C04F79EFBC}") = "VegWiz.Core", "VegWiz.Core\VegWiz.Core.csproj", "{D14284F5-11BB-47F0-AC58-B87DC81D8AD1}"
EndProject
Project("{FAE04EC0-301F-11D3-BF4B-00C04F79EFBC}") = "VegWiz.Infrastructure", "VegWiz.Infrastructure\VegWiz.Infrastructure.csproj", "{0C49381C-CA45-42D2-B033-AE82C75883D7}"
EndProject
Project("{FAE04EC0-301F-11D3-BF4B-00C04F79EFBC}") = "VegWiz.Tests", "VegWiz.Tests\VegWiz.Tests.csproj", "{B12A10B1-0F8A-4796-8E34-C9DB05B447CF}"
EndProject
Global
	GlobalSection(SolutionConfigurationPlatforms) = preSolution
		Debug|Any CPU = Debug|Any CPU
		Release|Any CPU = Release|Any CPU
	EndGlobalSection
	GlobalSection(SolutionProperties) = preSolution
		HideSolutionNode = FALSE
	EndGlobalSection
	GlobalSection(ProjectConfigurationPlatforms) = postSolution
		{4C1D6494-4A1E-4915-8886-9B92DB4B4884}.Debug|Any CPU.ActiveCfg = Debug|Any CPU
		{4C1D6494-4A1E-4915-8886-9B92DB4B4884}.Debug|Any CPU.Build.0 = Debug|Any CPU
		{4C1D6494-4A1E-4915-8886-9B92DB4B4884}.Release|Any CPU.ActiveCfg = Release|Any CPU
		{4C1D6494-4A1E-4915-8886-9B92DB4B4884}.Release|Any CPU.Build.0 = Release|Any CPU
		{D14284F5-11BB-47F0-AC58-B87DC81D8AD1}.Debug|Any CPU.ActiveCfg = Debug|Any CPU
		{D14284F5-11BB-47F0-AC58-B87DC81D8AD1}.Debug|Any CPU.Build.0 = Debug|Any CPU
		{D14284F5-11BB-47F0-AC58-B87DC81D8AD1}.Release|Any CPU.ActiveCfg = Release|Any CPU
		{D14284F5-11BB-47F0-AC58-B87DC81D8AD1}.Release|Any CPU.Build.0 = Release|Any CPU
		{0C49381C-CA45-42D2-B033-AE82C75883D7}.Debug|Any CPU.ActiveCfg = Debug|Any CPU
		{0C49381C-CA45-42D2-B033-AE82C75883D7}.Debug|Any CPU.Build.0 = Debug|Any CPU
		{0C49381C-CA45-42D2-B033-AE82C75883D7}.Release|Any CPU.ActiveCfg = Release|Any CPU
		{0C49381C-CA45-42D2-B033-AE82C75883D7}.Release|Any CPU.Build.0 = Release|Any CPU
		{B12A10B1-0F8A-4796-8E34-C9DB05B447CF}.Debug|Any CPU.ActiveCfg = Debug|Any CPU
		{B12A10B1-0F8A-4796-8E34-C9DB05B447CF}.Debug|Any CPU.Build.0 = Debug|Any CPU
		{B12A10B1-0F8A-4796-8E34-C9DB05B447CF}.Release|Any CPU.ActiveCfg = Release|Any CPU
		{B12A10B1-0F8A-4796-8E34-C9DB05B447CF}.Release|Any CPU.Build.0 = Release|Any CPU
	EndGlobalSection
EndGlobal
